
Microsoft Visual Studio Solution File, Format Version 12.00
# Visual Studio 15
VisualStudioVersion = 15.0.27705.2000
MinimumVisualStudioVersion = 10.0.40219.1
Project("{A07B5EB6-E848-4116-A8D0-A826331D98C6}") = "AspNetStateService.Fabric", "AspNetStateService.Fabric\AspNetStateService.Fabric.sfproj", "{B8B2E8B2-4AC3-454A-B207-B02CAB46A6BF}"
EndProject
Project("{9A19103F-16F7-4668-BE54-9A1E7A4F7556}") = "AspNetStateService.Interfaces", "AspNetStateService.Interfaces\AspNetStateService.Interfaces.csproj", "{AD00C48E-208B-45E3-8F3C-CA3E1863479E}"
EndProject
Project("{FAE04EC0-301F-11D3-BF4B-00C04F79EFBC}") = "AspNetStateService.Core", "AspNetStateService.Core\AspNetStateService.Core.csproj", "{01B996A3-93A6-4BB5-9FA1-8622563102C6}"
EndProject
Project("{FAE04EC0-301F-11D3-BF4B-00C04F79EFBC}") = "AspNetStateService.Fabric.Interfaces", "AspNetStateService.Fabric.Interfaces\AspNetStateService.Fabric.Interfaces.csproj", "{C8338E08-759A-4B10-ACAD-A35BE6FC4AF9}"
EndProject
Project("{9A19103F-16F7-4668-BE54-9A1E7A4F7556}") = "AspNetStateService.Fabric.Services", "AspNetStateService.Fabric.Services\AspNetStateService.Fabric.Services.csproj", "{D44550A8-E401-4D1C-B6E7-899946C4A52A}"
EndProject
Global
	GlobalSection(SolutionConfigurationPlatforms) = preSolution
		Debug|Any CPU = Debug|Any CPU
		Debug|x64 = Debug|x64
		Release|Any CPU = Release|Any CPU
		Release|x64 = Release|x64
	EndGlobalSection
	GlobalSection(ProjectConfigurationPlatforms) = postSolution
		{B8B2E8B2-4AC3-454A-B207-B02CAB46A6BF}.Debug|Any CPU.ActiveCfg = Debug|x64
		{B8B2E8B2-4AC3-454A-B207-B02CAB46A6BF}.Debug|Any CPU.Build.0 = Debug|x64
		{B8B2E8B2-4AC3-454A-B207-B02CAB46A6BF}.Debug|Any CPU.Deploy.0 = Debug|x64
		{B8B2E8B2-4AC3-454A-B207-B02CAB46A6BF}.Debug|x64.ActiveCfg = Debug|x64
		{B8B2E8B2-4AC3-454A-B207-B02CAB46A6BF}.Debug|x64.Build.0 = Debug|x64
		{B8B2E8B2-4AC3-454A-B207-B02CAB46A6BF}.Debug|x64.Deploy.0 = Debug|x64
		{B8B2E8B2-4AC3-454A-B207-B02CAB46A6BF}.Release|Any CPU.ActiveCfg = Release|x64
		{B8B2E8B2-4AC3-454A-B207-B02CAB46A6BF}.Release|x64.ActiveCfg = Release|x64
		{B8B2E8B2-4AC3-454A-B207-B02CAB46A6BF}.Release|x64.Build.0 = Release|x64
		{B8B2E8B2-4AC3-454A-B207-B02CAB46A6BF}.Release|x64.Deploy.0 = Release|x64
		{AD00C48E-208B-45E3-8F3C-CA3E1863479E}.Debug|Any CPU.ActiveCfg = Debug|Any CPU
		{AD00C48E-208B-45E3-8F3C-CA3E1863479E}.Debug|Any CPU.Build.0 = Debug|Any CPU
		{AD00C48E-208B-45E3-8F3C-CA3E1863479E}.Debug|x64.ActiveCfg = Debug|Any CPU
		{AD00C48E-208B-45E3-8F3C-CA3E1863479E}.Debug|x64.Build.0 = Debug|Any CPU
		{AD00C48E-208B-45E3-8F3C-CA3E1863479E}.Release|Any CPU.ActiveCfg = Release|Any CPU
		{AD00C48E-208B-45E3-8F3C-CA3E1863479E}.Release|Any CPU.Build.0 = Release|Any CPU
		{AD00C48E-208B-45E3-8F3C-CA3E1863479E}.Release|x64.ActiveCfg = Release|Any CPU
		{AD00C48E-208B-45E3-8F3C-CA3E1863479E}.Release|x64.Build.0 = Release|Any CPU
		{01B996A3-93A6-4BB5-9FA1-8622563102C6}.Debug|Any CPU.ActiveCfg = Debug|Any CPU
		{01B996A3-93A6-4BB5-9FA1-8622563102C6}.Debug|Any CPU.Build.0 = Debug|Any CPU
		{01B996A3-93A6-4BB5-9FA1-8622563102C6}.Debug|x64.ActiveCfg = Debug|Any CPU
		{01B996A3-93A6-4BB5-9FA1-8622563102C6}.Debug|x64.Build.0 = Debug|Any CPU
		{01B996A3-93A6-4BB5-9FA1-8622563102C6}.Release|Any CPU.ActiveCfg = Release|Any CPU
		{01B996A3-93A6-4BB5-9FA1-8622563102C6}.Release|Any CPU.Build.0 = Release|Any CPU
		{01B996A3-93A6-4BB5-9FA1-8622563102C6}.Release|x64.ActiveCfg = Release|Any CPU
		{01B996A3-93A6-4BB5-9FA1-8622563102C6}.Release|x64.Build.0 = Release|Any CPU
		{C8338E08-759A-4B10-ACAD-A35BE6FC4AF9}.Debug|Any CPU.ActiveCfg = Debug|Any CPU
		{C8338E08-759A-4B10-ACAD-A35BE6FC4AF9}.Debug|Any CPU.Build.0 = Debug|Any CPU
		{C8338E08-759A-4B10-ACAD-A35BE6FC4AF9}.Debug|x64.ActiveCfg = Debug|Any CPU
		{C8338E08-759A-4B10-ACAD-A35BE6FC4AF9}.Debug|x64.Build.0 = Debug|Any CPU
		{C8338E08-759A-4B10-ACAD-A35BE6FC4AF9}.Release|Any CPU.ActiveCfg = Release|Any CPU
		{C8338E08-759A-4B10-ACAD-A35BE6FC4AF9}.Release|Any CPU.Build.0 = Release|Any CPU
		{C8338E08-759A-4B10-ACAD-A35BE6FC4AF9}.Release|x64.ActiveCfg = Release|Any CPU
		{C8338E08-759A-4B10-ACAD-A35BE6FC4AF9}.Release|x64.Build.0 = Release|Any CPU
		{D44550A8-E401-4D1C-B6E7-899946C4A52A}.Debug|Any CPU.ActiveCfg = Debug|Any CPU
		{D44550A8-E401-4D1C-B6E7-899946C4A52A}.Debug|Any CPU.Build.0 = Debug|Any CPU
		{D44550A8-E401-4D1C-B6E7-899946C4A52A}.Debug|x64.ActiveCfg = Debug|Any CPU
		{D44550A8-E401-4D1C-B6E7-899946C4A52A}.Debug|x64.Build.0 = Debug|Any CPU
		{D44550A8-E401-4D1C-B6E7-899946C4A52A}.Release|Any CPU.ActiveCfg = Release|Any CPU
		{D44550A8-E401-4D1C-B6E7-899946C4A52A}.Release|Any CPU.Build.0 = Release|Any CPU
		{D44550A8-E401-4D1C-B6E7-899946C4A52A}.Release|x64.ActiveCfg = Release|Any CPU
		{D44550A8-E401-4D1C-B6E7-899946C4A52A}.Release|x64.Build.0 = Release|Any CPU
	EndGlobalSection
	GlobalSection(SolutionProperties) = preSolution
		HideSolutionNode = FALSE
	EndGlobalSection
	GlobalSection(ExtensibilityGlobals) = postSolution
		SolutionGuid = {031292F8-0DC1-489E-B201-C6A1EA825F5D}
	EndGlobalSection
EndGlobal
