
Microsoft Visual Studio Solution File, Format Version 12.00
# Visual Studio Version 16
VisualStudioVersion = 16.0.28721.148
MinimumVisualStudioVersion = 10.0.40219.1
Project("{A07B5EB6-E848-4116-A8D0-A826331D98C6}") = "AspNetStateService.Fabric", "AspNetStateService.Fabric\AspNetStateService.Fabric.sfproj", "{B8B2E8B2-4AC3-454A-B207-B02CAB46A6BF}"
EndProject
Project("{9A19103F-16F7-4668-BE54-9A1E7A4F7556}") = "AspNetStateService.Interfaces", "AspNetStateService.Interfaces\AspNetStateService.Interfaces.csproj", "{AD00C48E-208B-45E3-8F3C-CA3E1863479E}"
EndProject
Project("{9A19103F-16F7-4668-BE54-9A1E7A4F7556}") = "AspNetStateService.Core", "AspNetStateService.Core\AspNetStateService.Core.csproj", "{01B996A3-93A6-4BB5-9FA1-8622563102C6}"
EndProject
Project("{9A19103F-16F7-4668-BE54-9A1E7A4F7556}") = "AspNetStateService.Fabric.Interfaces", "AspNetStateService.Fabric.Interfaces\AspNetStateService.Fabric.Interfaces.csproj", "{C8338E08-759A-4B10-ACAD-A35BE6FC4AF9}"
EndProject
Project("{9A19103F-16F7-4668-BE54-9A1E7A4F7556}") = "AspNetStateService.Fabric.Services", "AspNetStateService.Fabric.Services\AspNetStateService.Fabric.Services.csproj", "{D44550A8-E401-4D1C-B6E7-899946C4A52A}"
EndProject
Project("{9A19103F-16F7-4668-BE54-9A1E7A4F7556}") = "AspNetStateService.Console", "AspNetStateService.Console\AspNetStateService.Console.csproj", "{F163486F-C920-4C4A-A9D3-FF9D418092C8}"
EndProject
Project("{9A19103F-16F7-4668-BE54-9A1E7A4F7556}") = "AspNetStateService.AspNetCore.Kestrel", "AspNetStateService.AspNetCore.Kestrel\AspNetStateService.AspNetCore.Kestrel.csproj", "{E0AC1CC0-1848-4ED0-A7FA-9AAA2D92FEDA}"
EndProject
Project("{9A19103F-16F7-4668-BE54-9A1E7A4F7556}") = "AspNetStateService.AspNetCore", "AspNetStateService.AspNetCore\AspNetStateService.AspNetCore.csproj", "{0CB293C0-494D-4AB8-B3C7-5D295864822A}"
EndProject
Project("{9A19103F-16F7-4668-BE54-9A1E7A4F7556}") = "AspNetStateService.EntityFrameworkCore", "AspNetStateService.EntityFrameworkCore\AspNetStateService.EntityFrameworkCore.csproj", "{F0818667-5589-4867-891A-95D6A33071C0}"
EndProject
Project("{9A19103F-16F7-4668-BE54-9A1E7A4F7556}") = "AspNetStateService.EntityFrameworkCore.InMemory", "AspNetStateService.EntityFrameworkCore.InMemory\AspNetStateService.EntityFrameworkCore.InMemory.csproj", "{49903D53-AE90-4334-8836-6C8C1D1E2FDE}"
EndProject
Project("{2150E333-8FDC-42A3-9474-1A3956D46DE8}") = "Solution Items", "Solution Items", "{EB5A276D-627F-4DB9-959D-0B6ED3AB3A5D}"
	ProjectSection(SolutionItems) = preProject
		App.config.json = App.config.json
		appveyor.yml = appveyor.yml
		Directory.Build.props = Directory.Build.props
		Directory.Build.targets = Directory.Build.targets
		Update-PackageVersion.ps1 = Update-PackageVersion.ps1
	EndProjectSection
EndProject
Project("{A07B5EB6-E848-4116-A8D0-A826331D98C6}") = "AspNetStateService.Samples.Fabric", "AspNetStateService.Samples.Fabric\AspNetStateService.Samples.Fabric.sfproj", "{4F438B61-202E-45E7-89EB-DD3C212088E2}"
EndProject
Project("{9A19103F-16F7-4668-BE54-9A1E7A4F7556}") = "AspNetStateService.Samples.Web.Host", "AspNetStateService.Samples.Web.Host\AspNetStateService.Samples.Web.Host.csproj", "{7BF4789B-CB2B-4104-ADE7-5173CB0799E5}"
EndProject
Project("{FAE04EC0-301F-11D3-BF4B-00C04F79EFBC}") = "AspNetStateService.Samples.Web", "AspNetStateService.Samples.Web\AspNetStateService.Samples.Web.csproj", "{2C12C177-264C-464B-8C26-611D160E8057}"
EndProject
Project("{9A19103F-16F7-4668-BE54-9A1E7A4F7556}") = "AspNetStateService.Fabric.Core", "AspNetStateService.Fabric.Core\AspNetStateService.Fabric.Core.csproj", "{65A3E39D-7CD8-47DD-90E3-F855CD2DB1AC}"
EndProject
Project("{9A19103F-16F7-4668-BE54-9A1E7A4F7556}") = "AspNetStateService.Fabric.Client", "AspNetStateService.Fabric.Client\AspNetStateService.Fabric.Client.csproj", "{DE48F031-8775-4355-8087-14342925719D}"
EndProject
Project("{9A19103F-16F7-4668-BE54-9A1E7A4F7556}") = "AspNetStateService.Azure.Storage.Table", "AspNetStateService.Azure.Storage.Table\AspNetStateService.Azure.Storage.Table.csproj", "{21DE95A9-437E-4689-A0F6-6ACF63302858}"
EndProject
Project("{9A19103F-16F7-4668-BE54-9A1E7A4F7556}") = "AspNetStateService.Azure.Storage.Blob", "AspNetStateService.Azure.Storage.Blob\AspNetStateService.Azure.Storage.Blob.csproj", "{223C100A-993F-4843-B4D0-BDAF71ED6188}"
EndProject
Project("{9A19103F-16F7-4668-BE54-9A1E7A4F7556}") = "AspNetStateService.Redis", "AspNetStateService.Redis\AspNetStateService.Redis.csproj", "{F168EEE0-F1F8-4102-82A3-7F725A11E433}"
EndProject
Project("{9A19103F-16F7-4668-BE54-9A1E7A4F7556}") = "AspNetStateService.EntityFrameworkCore.SqlServer", "AspNetStateService.EntityFrameworkCore.SqlServer\AspNetStateService.EntityFrameworkCore.SqlServer.csproj", "{8B75E8D1-AFB7-452F-A441-A464EE5B9F0A}"
EndProject
Project("{9A19103F-16F7-4668-BE54-9A1E7A4F7556}") = "AspNetStateService.EntityFrameworkCore.PostgreSQL", "AspNetStateService.EntityFrameworkCore.PostgreSQL\AspNetStateService.EntityFrameworkCore.PostgreSQL.csproj", "{6FD31EA3-3A2E-4413-84C8-960FD7674294}"
EndProject
Project("{FAE04EC0-301F-11D3-BF4B-00C04F79EFBC}") = "AspNetStateService.MongoDB", "AspNetStateService.MongoDB\AspNetStateService.MongoDB.csproj", "{24D84CCD-03A2-43EA-B326-EDF211E2E87F}"
EndProject
Global
	GlobalSection(SolutionConfigurationPlatforms) = preSolution
		Debug|Any CPU = Debug|Any CPU
		Release|Any CPU = Release|Any CPU
	EndGlobalSection
	GlobalSection(ProjectConfigurationPlatforms) = postSolution
		{B8B2E8B2-4AC3-454A-B207-B02CAB46A6BF}.Debug|Any CPU.ActiveCfg = Debug|x64
		{B8B2E8B2-4AC3-454A-B207-B02CAB46A6BF}.Debug|Any CPU.Build.0 = Debug|x64
		{B8B2E8B2-4AC3-454A-B207-B02CAB46A6BF}.Debug|Any CPU.Deploy.0 = Debug|x64
		{B8B2E8B2-4AC3-454A-B207-B02CAB46A6BF}.Release|Any CPU.ActiveCfg = Release|x64
		{B8B2E8B2-4AC3-454A-B207-B02CAB46A6BF}.Release|Any CPU.Build.0 = Release|x64
		{B8B2E8B2-4AC3-454A-B207-B02CAB46A6BF}.Release|Any CPU.Deploy.0 = Release|x64
		{AD00C48E-208B-45E3-8F3C-CA3E1863479E}.Debug|Any CPU.ActiveCfg = Debug|Any CPU
		{AD00C48E-208B-45E3-8F3C-CA3E1863479E}.Debug|Any CPU.Build.0 = Debug|Any CPU
		{AD00C48E-208B-45E3-8F3C-CA3E1863479E}.Release|Any CPU.ActiveCfg = Release|Any CPU
		{AD00C48E-208B-45E3-8F3C-CA3E1863479E}.Release|Any CPU.Build.0 = Release|Any CPU
		{01B996A3-93A6-4BB5-9FA1-8622563102C6}.Debug|Any CPU.ActiveCfg = Debug|Any CPU
		{01B996A3-93A6-4BB5-9FA1-8622563102C6}.Debug|Any CPU.Build.0 = Debug|Any CPU
		{01B996A3-93A6-4BB5-9FA1-8622563102C6}.Release|Any CPU.ActiveCfg = Release|Any CPU
		{01B996A3-93A6-4BB5-9FA1-8622563102C6}.Release|Any CPU.Build.0 = Release|Any CPU
		{C8338E08-759A-4B10-ACAD-A35BE6FC4AF9}.Debug|Any CPU.ActiveCfg = Debug|x64
		{C8338E08-759A-4B10-ACAD-A35BE6FC4AF9}.Debug|Any CPU.Build.0 = Debug|x64
		{C8338E08-759A-4B10-ACAD-A35BE6FC4AF9}.Release|Any CPU.ActiveCfg = Release|x64
		{C8338E08-759A-4B10-ACAD-A35BE6FC4AF9}.Release|Any CPU.Build.0 = Release|x64
		{D44550A8-E401-4D1C-B6E7-899946C4A52A}.Debug|Any CPU.ActiveCfg = Debug|Any CPU
		{D44550A8-E401-4D1C-B6E7-899946C4A52A}.Debug|Any CPU.Build.0 = Debug|Any CPU
		{D44550A8-E401-4D1C-B6E7-899946C4A52A}.Release|Any CPU.ActiveCfg = Release|Any CPU
		{D44550A8-E401-4D1C-B6E7-899946C4A52A}.Release|Any CPU.Build.0 = Release|Any CPU
		{F163486F-C920-4C4A-A9D3-FF9D418092C8}.Debug|Any CPU.ActiveCfg = Debug|Any CPU
		{F163486F-C920-4C4A-A9D3-FF9D418092C8}.Debug|Any CPU.Build.0 = Debug|Any CPU
		{F163486F-C920-4C4A-A9D3-FF9D418092C8}.Release|Any CPU.ActiveCfg = Release|Any CPU
		{F163486F-C920-4C4A-A9D3-FF9D418092C8}.Release|Any CPU.Build.0 = Release|Any CPU
		{E0AC1CC0-1848-4ED0-A7FA-9AAA2D92FEDA}.Debug|Any CPU.ActiveCfg = Debug|Any CPU
		{E0AC1CC0-1848-4ED0-A7FA-9AAA2D92FEDA}.Debug|Any CPU.Build.0 = Debug|Any CPU
		{E0AC1CC0-1848-4ED0-A7FA-9AAA2D92FEDA}.Release|Any CPU.ActiveCfg = Release|Any CPU
		{E0AC1CC0-1848-4ED0-A7FA-9AAA2D92FEDA}.Release|Any CPU.Build.0 = Release|Any CPU
		{0CB293C0-494D-4AB8-B3C7-5D295864822A}.Debug|Any CPU.ActiveCfg = Debug|Any CPU
		{0CB293C0-494D-4AB8-B3C7-5D295864822A}.Debug|Any CPU.Build.0 = Debug|Any CPU
		{0CB293C0-494D-4AB8-B3C7-5D295864822A}.Release|Any CPU.ActiveCfg = Release|Any CPU
		{0CB293C0-494D-4AB8-B3C7-5D295864822A}.Release|Any CPU.Build.0 = Release|Any CPU
		{F0818667-5589-4867-891A-95D6A33071C0}.Debug|Any CPU.ActiveCfg = Debug|Any CPU
		{F0818667-5589-4867-891A-95D6A33071C0}.Debug|Any CPU.Build.0 = Debug|Any CPU
		{F0818667-5589-4867-891A-95D6A33071C0}.Release|Any CPU.ActiveCfg = Release|Any CPU
		{F0818667-5589-4867-891A-95D6A33071C0}.Release|Any CPU.Build.0 = Release|Any CPU
		{49903D53-AE90-4334-8836-6C8C1D1E2FDE}.Debug|Any CPU.ActiveCfg = Debug|Any CPU
		{49903D53-AE90-4334-8836-6C8C1D1E2FDE}.Debug|Any CPU.Build.0 = Debug|Any CPU
		{49903D53-AE90-4334-8836-6C8C1D1E2FDE}.Release|Any CPU.ActiveCfg = Release|Any CPU
		{49903D53-AE90-4334-8836-6C8C1D1E2FDE}.Release|Any CPU.Build.0 = Release|Any CPU
		{4F438B61-202E-45E7-89EB-DD3C212088E2}.Debug|Any CPU.ActiveCfg = Debug|x64
		{4F438B61-202E-45E7-89EB-DD3C212088E2}.Debug|Any CPU.Build.0 = Debug|x64
		{4F438B61-202E-45E7-89EB-DD3C212088E2}.Debug|Any CPU.Deploy.0 = Debug|x64
		{4F438B61-202E-45E7-89EB-DD3C212088E2}.Release|Any CPU.ActiveCfg = Release|x64
		{7BF4789B-CB2B-4104-ADE7-5173CB0799E5}.Debug|Any CPU.ActiveCfg = Debug|Any CPU
		{7BF4789B-CB2B-4104-ADE7-5173CB0799E5}.Debug|Any CPU.Build.0 = Debug|Any CPU
		{7BF4789B-CB2B-4104-ADE7-5173CB0799E5}.Release|Any CPU.ActiveCfg = Release|Any CPU
		{7BF4789B-CB2B-4104-ADE7-5173CB0799E5}.Release|Any CPU.Build.0 = Release|Any CPU
		{2C12C177-264C-464B-8C26-611D160E8057}.Debug|Any CPU.ActiveCfg = Debug|Any CPU
		{2C12C177-264C-464B-8C26-611D160E8057}.Debug|Any CPU.Build.0 = Debug|Any CPU
		{2C12C177-264C-464B-8C26-611D160E8057}.Release|Any CPU.ActiveCfg = Release|Any CPU
		{2C12C177-264C-464B-8C26-611D160E8057}.Release|Any CPU.Build.0 = Release|Any CPU
		{65A3E39D-7CD8-47DD-90E3-F855CD2DB1AC}.Debug|Any CPU.ActiveCfg = Debug|Any CPU
		{65A3E39D-7CD8-47DD-90E3-F855CD2DB1AC}.Debug|Any CPU.Build.0 = Debug|Any CPU
		{65A3E39D-7CD8-47DD-90E3-F855CD2DB1AC}.Release|Any CPU.ActiveCfg = Release|Any CPU
		{65A3E39D-7CD8-47DD-90E3-F855CD2DB1AC}.Release|Any CPU.Build.0 = Release|Any CPU
		{DE48F031-8775-4355-8087-14342925719D}.Debug|Any CPU.ActiveCfg = Debug|Any CPU
		{DE48F031-8775-4355-8087-14342925719D}.Debug|Any CPU.Build.0 = Debug|Any CPU
		{DE48F031-8775-4355-8087-14342925719D}.Release|Any CPU.ActiveCfg = Release|Any CPU
		{DE48F031-8775-4355-8087-14342925719D}.Release|Any CPU.Build.0 = Release|Any CPU
		{21DE95A9-437E-4689-A0F6-6ACF63302858}.Debug|Any CPU.ActiveCfg = Debug|Any CPU
		{21DE95A9-437E-4689-A0F6-6ACF63302858}.Debug|Any CPU.Build.0 = Debug|Any CPU
		{21DE95A9-437E-4689-A0F6-6ACF63302858}.Release|Any CPU.ActiveCfg = Release|Any CPU
		{21DE95A9-437E-4689-A0F6-6ACF63302858}.Release|Any CPU.Build.0 = Release|Any CPU
		{223C100A-993F-4843-B4D0-BDAF71ED6188}.Debug|Any CPU.ActiveCfg = Debug|Any CPU
		{223C100A-993F-4843-B4D0-BDAF71ED6188}.Debug|Any CPU.Build.0 = Debug|Any CPU
		{223C100A-993F-4843-B4D0-BDAF71ED6188}.Release|Any CPU.ActiveCfg = Release|Any CPU
		{223C100A-993F-4843-B4D0-BDAF71ED6188}.Release|Any CPU.Build.0 = Release|Any CPU
		{F168EEE0-F1F8-4102-82A3-7F725A11E433}.Debug|Any CPU.ActiveCfg = Debug|Any CPU
		{F168EEE0-F1F8-4102-82A3-7F725A11E433}.Debug|Any CPU.Build.0 = Debug|Any CPU
		{F168EEE0-F1F8-4102-82A3-7F725A11E433}.Release|Any CPU.ActiveCfg = Release|Any CPU
		{F168EEE0-F1F8-4102-82A3-7F725A11E433}.Release|Any CPU.Build.0 = Release|Any CPU
		{8B75E8D1-AFB7-452F-A441-A464EE5B9F0A}.Debug|Any CPU.ActiveCfg = Debug|Any CPU
		{8B75E8D1-AFB7-452F-A441-A464EE5B9F0A}.Debug|Any CPU.Build.0 = Debug|Any CPU
		{8B75E8D1-AFB7-452F-A441-A464EE5B9F0A}.Release|Any CPU.ActiveCfg = Release|Any CPU
		{8B75E8D1-AFB7-452F-A441-A464EE5B9F0A}.Release|Any CPU.Build.0 = Release|Any CPU
		{6FD31EA3-3A2E-4413-84C8-960FD7674294}.Debug|Any CPU.ActiveCfg = Debug|Any CPU
		{6FD31EA3-3A2E-4413-84C8-960FD7674294}.Debug|Any CPU.Build.0 = Debug|Any CPU
		{6FD31EA3-3A2E-4413-84C8-960FD7674294}.Release|Any CPU.ActiveCfg = Release|Any CPU
		{6FD31EA3-3A2E-4413-84C8-960FD7674294}.Release|Any CPU.Build.0 = Release|Any CPU
		{24D84CCD-03A2-43EA-B326-EDF211E2E87F}.Debug|Any CPU.ActiveCfg = Debug|Any CPU
		{24D84CCD-03A2-43EA-B326-EDF211E2E87F}.Debug|Any CPU.Build.0 = Debug|Any CPU
		{24D84CCD-03A2-43EA-B326-EDF211E2E87F}.Release|Any CPU.ActiveCfg = Release|Any CPU
		{24D84CCD-03A2-43EA-B326-EDF211E2E87F}.Release|Any CPU.Build.0 = Release|Any CPU
	EndGlobalSection
	GlobalSection(SolutionProperties) = preSolution
		HideSolutionNode = FALSE
	EndGlobalSection
	GlobalSection(ExtensibilityGlobals) = postSolution
		SolutionGuid = {031292F8-0DC1-489E-B201-C6A1EA825F5D}
	EndGlobalSection
EndGlobal
